
Microsoft Visual Studio Solution File, Format Version 12.00
# Visual Studio 15
VisualStudioVersion = 15.0.27428.2037
MinimumVisualStudioVersion = 10.0.40219.1
Project("{FAE04EC0-301F-11D3-BF4B-00C04F79EFBC}") = "D11Analytics", "D11Analytics\D11Analytics.csproj", "{E8B6BFEC-C839-4F2E-AF49-249FE5C20AAF}"
EndProject
Project("{FAE04EC0-301F-11D3-BF4B-00C04F79EFBC}") = "CoreLibrary", "CoreLibrary\CoreLibrary.csproj", "{95200F3C-CA95-4DA0-8F4A-95BB3FBDAA51}"
EndProject
Project("{FAE04EC0-301F-11D3-BF4B-00C04F79EFBC}") = "ServicesLibrary", "ServicesLibrary\ServicesLibrary.csproj", "{B84A4DEF-3AA1-442F-8DD4-5BA27DBE8BCC}"
EndProject
Project("{FAE04EC0-301F-11D3-BF4B-00C04F79EFBC}") = "RepositoryLibrary", "RepositoryLibrary\RepositoryLibrary.csproj", "{977B16C9-F1BA-4BBF-8C9B-68658DF43A55}"
EndProject
Global
	GlobalSection(SolutionConfigurationPlatforms) = preSolution
		Debug|Any CPU = Debug|Any CPU
		Release|Any CPU = Release|Any CPU
	EndGlobalSection
	GlobalSection(ProjectConfigurationPlatforms) = postSolution
		{E8B6BFEC-C839-4F2E-AF49-249FE5C20AAF}.Debug|Any CPU.ActiveCfg = Debug|Any CPU
		{E8B6BFEC-C839-4F2E-AF49-249FE5C20AAF}.Debug|Any CPU.Build.0 = Debug|Any CPU
		{E8B6BFEC-C839-4F2E-AF49-249FE5C20AAF}.Release|Any CPU.ActiveCfg = Release|Any CPU
		{E8B6BFEC-C839-4F2E-AF49-249FE5C20AAF}.Release|Any CPU.Build.0 = Release|Any CPU
		{95200F3C-CA95-4DA0-8F4A-95BB3FBDAA51}.Debug|Any CPU.ActiveCfg = Debug|Any CPU
		{95200F3C-CA95-4DA0-8F4A-95BB3FBDAA51}.Debug|Any CPU.Build.0 = Debug|Any CPU
		{95200F3C-CA95-4DA0-8F4A-95BB3FBDAA51}.Release|Any CPU.ActiveCfg = Release|Any CPU
		{95200F3C-CA95-4DA0-8F4A-95BB3FBDAA51}.Release|Any CPU.Build.0 = Release|Any CPU
		{B84A4DEF-3AA1-442F-8DD4-5BA27DBE8BCC}.Debug|Any CPU.ActiveCfg = Debug|Any CPU
		{B84A4DEF-3AA1-442F-8DD4-5BA27DBE8BCC}.Debug|Any CPU.Build.0 = Debug|Any CPU
		{B84A4DEF-3AA1-442F-8DD4-5BA27DBE8BCC}.Release|Any CPU.ActiveCfg = Release|Any CPU
		{B84A4DEF-3AA1-442F-8DD4-5BA27DBE8BCC}.Release|Any CPU.Build.0 = Release|Any CPU
		{977B16C9-F1BA-4BBF-8C9B-68658DF43A55}.Debug|Any CPU.ActiveCfg = Debug|Any CPU
		{977B16C9-F1BA-4BBF-8C9B-68658DF43A55}.Debug|Any CPU.Build.0 = Debug|Any CPU
		{977B16C9-F1BA-4BBF-8C9B-68658DF43A55}.Release|Any CPU.ActiveCfg = Release|Any CPU
		{977B16C9-F1BA-4BBF-8C9B-68658DF43A55}.Release|Any CPU.Build.0 = Release|Any CPU
	EndGlobalSection
	GlobalSection(SolutionProperties) = preSolution
		HideSolutionNode = FALSE
	EndGlobalSection
	GlobalSection(ExtensibilityGlobals) = postSolution
		SolutionGuid = {E73A3C7F-CC19-49D0-BF7F-8B3CAC982221}
	EndGlobalSection
EndGlobal
